
Microsoft Visual Studio Solution File, Format Version 12.00
# Visual Studio 15
VisualStudioVersion = 15.0.28307.572
MinimumVisualStudioVersion = 10.0.40219.1
Project("{D954291E-2A0B-460D-934E-DC6B0785DB48}") = "ListViewHeaderDemo.Shared", "ListViewHeaderDemo\ListViewHeaderDemo.Shared\ListViewHeaderDemo.Shared.shproj", "{6279C845-92F8-4333-AB99-3D213163593C}"
EndProject
Project("{FAE04EC0-301F-11D3-BF4B-00C04F79EFBC}") = "ListViewHeaderDemo.Droid", "ListViewHeaderDemo\ListViewHeaderDemo.Droid\ListViewHeaderDemo.Droid.csproj", "{FCC64070-D5A3-4102-A539-150F1C7E997B}"
EndProject
Project("{FAE04EC0-301F-11D3-BF4B-00C04F79EFBC}") = "ListViewHeaderDemo.iOS", "ListViewHeaderDemo\ListViewHeaderDemo.iOS\ListViewHeaderDemo.iOS.csproj", "{39CDEE69-4C5F-4D21-9345-0CE8B7C9BD16}"
EndProject
Project("{FAE04EC0-301F-11D3-BF4B-00C04F79EFBC}") = "ListViewHeaderDemo.UWP", "ListViewHeaderDemo\ListViewHeaderDemo.UWP\ListViewHeaderDemo.UWP.csproj", "{E6F41DF3-6A9F-4965-A4AA-4C3FE80EB9BF}"
EndProject
Project("{FAE04EC0-301F-11D3-BF4B-00C04F79EFBC}") = "ListViewHeaderDemo.Wasm", "ListViewHeaderDemo\ListViewHeaderDemo.Wasm\ListViewHeaderDemo.Wasm.csproj", "{C358906F-D53D-42FB-B5D5-DC8D7814551B}"
EndProject
Global
	GlobalSection(SharedMSBuildProjectFiles) = preSolution
		ListViewHeaderDemo\ListViewHeaderDemo.Shared\ListViewHeaderDemo.Shared.projitems*{6279c845-92f8-4333-ab99-3d213163593c}*SharedItemsImports = 13
	EndGlobalSection
	GlobalSection(SolutionConfigurationPlatforms) = preSolution
		Ad-Hoc|Any CPU = Ad-Hoc|Any CPU
		Ad-Hoc|ARM = Ad-Hoc|ARM
		Ad-Hoc|iPhone = Ad-Hoc|iPhone
		Ad-Hoc|iPhoneSimulator = Ad-Hoc|iPhoneSimulator
		Ad-Hoc|x64 = Ad-Hoc|x64
		Ad-Hoc|x86 = Ad-Hoc|x86
		AppStore|Any CPU = AppStore|Any CPU
		AppStore|ARM = AppStore|ARM
		AppStore|iPhone = AppStore|iPhone
		AppStore|iPhoneSimulator = AppStore|iPhoneSimulator
		AppStore|x64 = AppStore|x64
		AppStore|x86 = AppStore|x86
		Debug|Any CPU = Debug|Any CPU
		Debug|ARM = Debug|ARM
		Debug|iPhone = Debug|iPhone
		Debug|iPhoneSimulator = Debug|iPhoneSimulator
		Debug|x64 = Debug|x64
		Debug|x86 = Debug|x86
		Release|Any CPU = Release|Any CPU
		Release|ARM = Release|ARM
		Release|iPhone = Release|iPhone
		Release|iPhoneSimulator = Release|iPhoneSimulator
		Release|x64 = Release|x64
		Release|x86 = Release|x86
	EndGlobalSection
	GlobalSection(ProjectConfigurationPlatforms) = postSolution
		{FCC64070-D5A3-4102-A539-150F1C7E997B}.Ad-Hoc|Any CPU.ActiveCfg = Release|Any CPU
		{FCC64070-D5A3-4102-A539-150F1C7E997B}.Ad-Hoc|Any CPU.Build.0 = Release|Any CPU
		{FCC64070-D5A3-4102-A539-150F1C7E997B}.Ad-Hoc|Any CPU.Deploy.0 = Release|Any CPU
		{FCC64070-D5A3-4102-A539-150F1C7E997B}.Ad-Hoc|ARM.ActiveCfg = Release|Any CPU
		{FCC64070-D5A3-4102-A539-150F1C7E997B}.Ad-Hoc|ARM.Build.0 = Release|Any CPU
		{FCC64070-D5A3-4102-A539-150F1C7E997B}.Ad-Hoc|ARM.Deploy.0 = Release|Any CPU
		{FCC64070-D5A3-4102-A539-150F1C7E997B}.Ad-Hoc|iPhone.ActiveCfg = Release|Any CPU
		{FCC64070-D5A3-4102-A539-150F1C7E997B}.Ad-Hoc|iPhone.Build.0 = Release|Any CPU
		{FCC64070-D5A3-4102-A539-150F1C7E997B}.Ad-Hoc|iPhone.Deploy.0 = Release|Any CPU
		{FCC64070-D5A3-4102-A539-150F1C7E997B}.Ad-Hoc|iPhoneSimulator.ActiveCfg = Release|Any CPU
		{FCC64070-D5A3-4102-A539-150F1C7E997B}.Ad-Hoc|iPhoneSimulator.Build.0 = Release|Any CPU
		{FCC64070-D5A3-4102-A539-150F1C7E997B}.Ad-Hoc|iPhoneSimulator.Deploy.0 = Release|Any CPU
		{FCC64070-D5A3-4102-A539-150F1C7E997B}.Ad-Hoc|x64.ActiveCfg = Release|Any CPU
		{FCC64070-D5A3-4102-A539-150F1C7E997B}.Ad-Hoc|x64.Build.0 = Release|Any CPU
		{FCC64070-D5A3-4102-A539-150F1C7E997B}.Ad-Hoc|x64.Deploy.0 = Release|Any CPU
		{FCC64070-D5A3-4102-A539-150F1C7E997B}.Ad-Hoc|x86.ActiveCfg = Release|Any CPU
		{FCC64070-D5A3-4102-A539-150F1C7E997B}.Ad-Hoc|x86.Build.0 = Release|Any CPU
		{FCC64070-D5A3-4102-A539-150F1C7E997B}.Ad-Hoc|x86.Deploy.0 = Release|Any CPU
		{FCC64070-D5A3-4102-A539-150F1C7E997B}.AppStore|Any CPU.ActiveCfg = Release|Any CPU
		{FCC64070-D5A3-4102-A539-150F1C7E997B}.AppStore|Any CPU.Build.0 = Release|Any CPU
		{FCC64070-D5A3-4102-A539-150F1C7E997B}.AppStore|Any CPU.Deploy.0 = Release|Any CPU
		{FCC64070-D5A3-4102-A539-150F1C7E997B}.AppStore|ARM.ActiveCfg = Release|Any CPU
		{FCC64070-D5A3-4102-A539-150F1C7E997B}.AppStore|ARM.Build.0 = Release|Any CPU
		{FCC64070-D5A3-4102-A539-150F1C7E997B}.AppStore|ARM.Deploy.0 = Release|Any CPU
		{FCC64070-D5A3-4102-A539-150F1C7E997B}.AppStore|iPhone.ActiveCfg = Release|Any CPU
		{FCC64070-D5A3-4102-A539-150F1C7E997B}.AppStore|iPhone.Build.0 = Release|Any CPU
		{FCC64070-D5A3-4102-A539-150F1C7E997B}.AppStore|iPhone.Deploy.0 = Release|Any CPU
		{FCC64070-D5A3-4102-A539-150F1C7E997B}.AppStore|iPhoneSimulator.ActiveCfg = Release|Any CPU
		{FCC64070-D5A3-4102-A539-150F1C7E997B}.AppStore|iPhoneSimulator.Build.0 = Release|Any CPU
		{FCC64070-D5A3-4102-A539-150F1C7E997B}.AppStore|iPhoneSimulator.Deploy.0 = Release|Any CPU
		{FCC64070-D5A3-4102-A539-150F1C7E997B}.AppStore|x64.ActiveCfg = Release|Any CPU
		{FCC64070-D5A3-4102-A539-150F1C7E997B}.AppStore|x64.Build.0 = Release|Any CPU
		{FCC64070-D5A3-4102-A539-150F1C7E997B}.AppStore|x64.Deploy.0 = Release|Any CPU
		{FCC64070-D5A3-4102-A539-150F1C7E997B}.AppStore|x86.ActiveCfg = Release|Any CPU
		{FCC64070-D5A3-4102-A539-150F1C7E997B}.AppStore|x86.Build.0 = Release|Any CPU
		{FCC64070-D5A3-4102-A539-150F1C7E997B}.AppStore|x86.Deploy.0 = Release|Any CPU
		{FCC64070-D5A3-4102-A539-150F1C7E997B}.Debug|Any CPU.ActiveCfg = Debug|Any CPU
		{FCC64070-D5A3-4102-A539-150F1C7E997B}.Debug|Any CPU.Build.0 = Debug|Any CPU
		{FCC64070-D5A3-4102-A539-150F1C7E997B}.Debug|Any CPU.Deploy.0 = Debug|Any CPU
		{FCC64070-D5A3-4102-A539-150F1C7E997B}.Debug|ARM.ActiveCfg = Debug|Any CPU
		{FCC64070-D5A3-4102-A539-150F1C7E997B}.Debug|ARM.Build.0 = Debug|Any CPU
		{FCC64070-D5A3-4102-A539-150F1C7E997B}.Debug|ARM.Deploy.0 = Debug|Any CPU
		{FCC64070-D5A3-4102-A539-150F1C7E997B}.Debug|iPhone.ActiveCfg = Debug|Any CPU
		{FCC64070-D5A3-4102-A539-150F1C7E997B}.Debug|iPhone.Build.0 = Debug|Any CPU
		{FCC64070-D5A3-4102-A539-150F1C7E997B}.Debug|iPhone.Deploy.0 = Debug|Any CPU
		{FCC64070-D5A3-4102-A539-150F1C7E997B}.Debug|iPhoneSimulator.ActiveCfg = Debug|Any CPU
		{FCC64070-D5A3-4102-A539-150F1C7E997B}.Debug|iPhoneSimulator.Build.0 = Debug|Any CPU
		{FCC64070-D5A3-4102-A539-150F1C7E997B}.Debug|iPhoneSimulator.Deploy.0 = Debug|Any CPU
		{FCC64070-D5A3-4102-A539-150F1C7E997B}.Debug|x64.ActiveCfg = Debug|Any CPU
		{FCC64070-D5A3-4102-A539-150F1C7E997B}.Debug|x64.Build.0 = Debug|Any CPU
		{FCC64070-D5A3-4102-A539-150F1C7E997B}.Debug|x64.Deploy.0 = Debug|Any CPU
		{FCC64070-D5A3-4102-A539-150F1C7E997B}.Debug|x86.ActiveCfg = Debug|Any CPU
		{FCC64070-D5A3-4102-A539-150F1C7E997B}.Debug|x86.Build.0 = Debug|Any CPU
		{FCC64070-D5A3-4102-A539-150F1C7E997B}.Debug|x86.Deploy.0 = Debug|Any CPU
		{FCC64070-D5A3-4102-A539-150F1C7E997B}.Release|Any CPU.ActiveCfg = Release|Any CPU
		{FCC64070-D5A3-4102-A539-150F1C7E997B}.Release|Any CPU.Build.0 = Release|Any CPU
		{FCC64070-D5A3-4102-A539-150F1C7E997B}.Release|Any CPU.Deploy.0 = Release|Any CPU
		{FCC64070-D5A3-4102-A539-150F1C7E997B}.Release|ARM.ActiveCfg = Release|Any CPU
		{FCC64070-D5A3-4102-A539-150F1C7E997B}.Release|ARM.Build.0 = Release|Any CPU
		{FCC64070-D5A3-4102-A539-150F1C7E997B}.Release|ARM.Deploy.0 = Release|Any CPU
		{FCC64070-D5A3-4102-A539-150F1C7E997B}.Release|iPhone.ActiveCfg = Release|Any CPU
		{FCC64070-D5A3-4102-A539-150F1C7E997B}.Release|iPhone.Build.0 = Release|Any CPU
		{FCC64070-D5A3-4102-A539-150F1C7E997B}.Release|iPhone.Deploy.0 = Release|Any CPU
		{FCC64070-D5A3-4102-A539-150F1C7E997B}.Release|iPhoneSimulator.ActiveCfg = Release|Any CPU
		{FCC64070-D5A3-4102-A539-150F1C7E997B}.Release|iPhoneSimulator.Build.0 = Release|Any CPU
		{FCC64070-D5A3-4102-A539-150F1C7E997B}.Release|iPhoneSimulator.Deploy.0 = Release|Any CPU
		{FCC64070-D5A3-4102-A539-150F1C7E997B}.Release|x64.ActiveCfg = Release|Any CPU
		{FCC64070-D5A3-4102-A539-150F1C7E997B}.Release|x64.Build.0 = Release|Any CPU
		{FCC64070-D5A3-4102-A539-150F1C7E997B}.Release|x64.Deploy.0 = Release|Any CPU
		{FCC64070-D5A3-4102-A539-150F1C7E997B}.Release|x86.ActiveCfg = Release|Any CPU
		{FCC64070-D5A3-4102-A539-150F1C7E997B}.Release|x86.Build.0 = Release|Any CPU
		{FCC64070-D5A3-4102-A539-150F1C7E997B}.Release|x86.Deploy.0 = Release|Any CPU
		{39CDEE69-4C5F-4D21-9345-0CE8B7C9BD16}.Ad-Hoc|Any CPU.ActiveCfg = Ad-Hoc|iPhone
		{39CDEE69-4C5F-4D21-9345-0CE8B7C9BD16}.Ad-Hoc|ARM.ActiveCfg = Ad-Hoc|iPhone
		{39CDEE69-4C5F-4D21-9345-0CE8B7C9BD16}.Ad-Hoc|iPhone.ActiveCfg = Ad-Hoc|iPhone
		{39CDEE69-4C5F-4D21-9345-0CE8B7C9BD16}.Ad-Hoc|iPhone.Build.0 = Ad-Hoc|iPhone
		{39CDEE69-4C5F-4D21-9345-0CE8B7C9BD16}.Ad-Hoc|iPhoneSimulator.ActiveCfg = Ad-Hoc|iPhoneSimulator
		{39CDEE69-4C5F-4D21-9345-0CE8B7C9BD16}.Ad-Hoc|iPhoneSimulator.Build.0 = Ad-Hoc|iPhoneSimulator
		{39CDEE69-4C5F-4D21-9345-0CE8B7C9BD16}.Ad-Hoc|x64.ActiveCfg = Ad-Hoc|iPhone
		{39CDEE69-4C5F-4D21-9345-0CE8B7C9BD16}.Ad-Hoc|x86.ActiveCfg = Ad-Hoc|iPhone
		{39CDEE69-4C5F-4D21-9345-0CE8B7C9BD16}.AppStore|Any CPU.ActiveCfg = AppStore|iPhone
		{39CDEE69-4C5F-4D21-9345-0CE8B7C9BD16}.AppStore|ARM.ActiveCfg = AppStore|iPhone
		{39CDEE69-4C5F-4D21-9345-0CE8B7C9BD16}.AppStore|iPhone.ActiveCfg = AppStore|iPhone
		{39CDEE69-4C5F-4D21-9345-0CE8B7C9BD16}.AppStore|iPhone.Build.0 = AppStore|iPhone
		{39CDEE69-4C5F-4D21-9345-0CE8B7C9BD16}.AppStore|iPhoneSimulator.ActiveCfg = AppStore|iPhoneSimulator
		{39CDEE69-4C5F-4D21-9345-0CE8B7C9BD16}.AppStore|iPhoneSimulator.Build.0 = AppStore|iPhoneSimulator
		{39CDEE69-4C5F-4D21-9345-0CE8B7C9BD16}.AppStore|x64.ActiveCfg = AppStore|iPhone
		{39CDEE69-4C5F-4D21-9345-0CE8B7C9BD16}.AppStore|x86.ActiveCfg = AppStore|iPhone
		{39CDEE69-4C5F-4D21-9345-0CE8B7C9BD16}.Debug|Any CPU.ActiveCfg = Debug|iPhone
		{39CDEE69-4C5F-4D21-9345-0CE8B7C9BD16}.Debug|ARM.ActiveCfg = Debug|iPhone
		{39CDEE69-4C5F-4D21-9345-0CE8B7C9BD16}.Debug|iPhone.ActiveCfg = Debug|iPhone
		{39CDEE69-4C5F-4D21-9345-0CE8B7C9BD16}.Debug|iPhone.Build.0 = Debug|iPhone
		{39CDEE69-4C5F-4D21-9345-0CE8B7C9BD16}.Debug|iPhoneSimulator.ActiveCfg = Debug|iPhoneSimulator
		{39CDEE69-4C5F-4D21-9345-0CE8B7C9BD16}.Debug|iPhoneSimulator.Build.0 = Debug|iPhoneSimulator
		{39CDEE69-4C5F-4D21-9345-0CE8B7C9BD16}.Debug|x64.ActiveCfg = Debug|iPhone
		{39CDEE69-4C5F-4D21-9345-0CE8B7C9BD16}.Debug|x86.ActiveCfg = Debug|iPhone
		{39CDEE69-4C5F-4D21-9345-0CE8B7C9BD16}.Release|Any CPU.ActiveCfg = Release|iPhone
		{39CDEE69-4C5F-4D21-9345-0CE8B7C9BD16}.Release|ARM.ActiveCfg = Release|iPhone
		{39CDEE69-4C5F-4D21-9345-0CE8B7C9BD16}.Release|iPhone.ActiveCfg = Release|iPhone
		{39CDEE69-4C5F-4D21-9345-0CE8B7C9BD16}.Release|iPhone.Build.0 = Release|iPhone
		{39CDEE69-4C5F-4D21-9345-0CE8B7C9BD16}.Release|iPhoneSimulator.ActiveCfg = Release|iPhoneSimulator
		{39CDEE69-4C5F-4D21-9345-0CE8B7C9BD16}.Release|iPhoneSimulator.Build.0 = Release|iPhoneSimulator
		{39CDEE69-4C5F-4D21-9345-0CE8B7C9BD16}.Release|x64.ActiveCfg = Release|iPhone
		{39CDEE69-4C5F-4D21-9345-0CE8B7C9BD16}.Release|x86.ActiveCfg = Release|iPhone
		{E6F41DF3-6A9F-4965-A4AA-4C3FE80EB9BF}.Ad-Hoc|Any CPU.ActiveCfg = Release|x64
		{E6F41DF3-6A9F-4965-A4AA-4C3FE80EB9BF}.Ad-Hoc|Any CPU.Build.0 = Release|x64
		{E6F41DF3-6A9F-4965-A4AA-4C3FE80EB9BF}.Ad-Hoc|Any CPU.Deploy.0 = Release|x64
		{E6F41DF3-6A9F-4965-A4AA-4C3FE80EB9BF}.Ad-Hoc|ARM.ActiveCfg = Release|ARM
		{E6F41DF3-6A9F-4965-A4AA-4C3FE80EB9BF}.Ad-Hoc|ARM.Build.0 = Release|ARM
		{E6F41DF3-6A9F-4965-A4AA-4C3FE80EB9BF}.Ad-Hoc|ARM.Deploy.0 = Release|ARM
		{E6F41DF3-6A9F-4965-A4AA-4C3FE80EB9BF}.Ad-Hoc|iPhone.ActiveCfg = Release|x64
		{E6F41DF3-6A9F-4965-A4AA-4C3FE80EB9BF}.Ad-Hoc|iPhone.Build.0 = Release|x64
		{E6F41DF3-6A9F-4965-A4AA-4C3FE80EB9BF}.Ad-Hoc|iPhone.Deploy.0 = Release|x64
		{E6F41DF3-6A9F-4965-A4AA-4C3FE80EB9BF}.Ad-Hoc|iPhoneSimulator.ActiveCfg = Release|x64
		{E6F41DF3-6A9F-4965-A4AA-4C3FE80EB9BF}.Ad-Hoc|iPhoneSimulator.Build.0 = Release|x64
		{E6F41DF3-6A9F-4965-A4AA-4C3FE80EB9BF}.Ad-Hoc|iPhoneSimulator.Deploy.0 = Release|x64
		{E6F41DF3-6A9F-4965-A4AA-4C3FE80EB9BF}.Ad-Hoc|x64.ActiveCfg = Release|x64
		{E6F41DF3-6A9F-4965-A4AA-4C3FE80EB9BF}.Ad-Hoc|x64.Build.0 = Release|x64
		{E6F41DF3-6A9F-4965-A4AA-4C3FE80EB9BF}.Ad-Hoc|x64.Deploy.0 = Release|x64
		{E6F41DF3-6A9F-4965-A4AA-4C3FE80EB9BF}.Ad-Hoc|x86.ActiveCfg = Release|x86
		{E6F41DF3-6A9F-4965-A4AA-4C3FE80EB9BF}.Ad-Hoc|x86.Build.0 = Release|x86
		{E6F41DF3-6A9F-4965-A4AA-4C3FE80EB9BF}.Ad-Hoc|x86.Deploy.0 = Release|x86
		{E6F41DF3-6A9F-4965-A4AA-4C3FE80EB9BF}.AppStore|Any CPU.ActiveCfg = Release|x64
		{E6F41DF3-6A9F-4965-A4AA-4C3FE80EB9BF}.AppStore|Any CPU.Build.0 = Release|x64
		{E6F41DF3-6A9F-4965-A4AA-4C3FE80EB9BF}.AppStore|Any CPU.Deploy.0 = Release|x64
		{E6F41DF3-6A9F-4965-A4AA-4C3FE80EB9BF}.AppStore|ARM.ActiveCfg = Release|ARM
		{E6F41DF3-6A9F-4965-A4AA-4C3FE80EB9BF}.AppStore|ARM.Build.0 = Release|ARM
		{E6F41DF3-6A9F-4965-A4AA-4C3FE80EB9BF}.AppStore|ARM.Deploy.0 = Release|ARM
		{E6F41DF3-6A9F-4965-A4AA-4C3FE80EB9BF}.AppStore|iPhone.ActiveCfg = Release|x64
		{E6F41DF3-6A9F-4965-A4AA-4C3FE80EB9BF}.AppStore|iPhone.Build.0 = Release|x64
		{E6F41DF3-6A9F-4965-A4AA-4C3FE80EB9BF}.AppStore|iPhone.Deploy.0 = Release|x64
		{E6F41DF3-6A9F-4965-A4AA-4C3FE80EB9BF}.AppStore|iPhoneSimulator.ActiveCfg = Release|x64
		{E6F41DF3-6A9F-4965-A4AA-4C3FE80EB9BF}.AppStore|iPhoneSimulator.Build.0 = Release|x64
		{E6F41DF3-6A9F-4965-A4AA-4C3FE80EB9BF}.AppStore|iPhoneSimulator.Deploy.0 = Release|x64
		{E6F41DF3-6A9F-4965-A4AA-4C3FE80EB9BF}.AppStore|x64.ActiveCfg = Release|x64
		{E6F41DF3-6A9F-4965-A4AA-4C3FE80EB9BF}.AppStore|x64.Build.0 = Release|x64
		{E6F41DF3-6A9F-4965-A4AA-4C3FE80EB9BF}.AppStore|x64.Deploy.0 = Release|x64
		{E6F41DF3-6A9F-4965-A4AA-4C3FE80EB9BF}.AppStore|x86.ActiveCfg = Release|x86
		{E6F41DF3-6A9F-4965-A4AA-4C3FE80EB9BF}.AppStore|x86.Build.0 = Release|x86
		{E6F41DF3-6A9F-4965-A4AA-4C3FE80EB9BF}.AppStore|x86.Deploy.0 = Release|x86
		{E6F41DF3-6A9F-4965-A4AA-4C3FE80EB9BF}.Debug|Any CPU.ActiveCfg = Debug|x86
		{E6F41DF3-6A9F-4965-A4AA-4C3FE80EB9BF}.Debug|ARM.ActiveCfg = Debug|ARM
		{E6F41DF3-6A9F-4965-A4AA-4C3FE80EB9BF}.Debug|ARM.Build.0 = Debug|ARM
		{E6F41DF3-6A9F-4965-A4AA-4C3FE80EB9BF}.Debug|ARM.Deploy.0 = Debug|ARM
		{E6F41DF3-6A9F-4965-A4AA-4C3FE80EB9BF}.Debug|iPhone.ActiveCfg = Debug|x86
		{E6F41DF3-6A9F-4965-A4AA-4C3FE80EB9BF}.Debug|iPhoneSimulator.ActiveCfg = Debug|x86
		{E6F41DF3-6A9F-4965-A4AA-4C3FE80EB9BF}.Debug|x64.ActiveCfg = Debug|x64
		{E6F41DF3-6A9F-4965-A4AA-4C3FE80EB9BF}.Debug|x64.Build.0 = Debug|x64
		{E6F41DF3-6A9F-4965-A4AA-4C3FE80EB9BF}.Debug|x64.Deploy.0 = Debug|x64
		{E6F41DF3-6A9F-4965-A4AA-4C3FE80EB9BF}.Debug|x86.ActiveCfg = Debug|x86
		{E6F41DF3-6A9F-4965-A4AA-4C3FE80EB9BF}.Debug|x86.Build.0 = Debug|x86
		{E6F41DF3-6A9F-4965-A4AA-4C3FE80EB9BF}.Debug|x86.Deploy.0 = Debug|x86
		{E6F41DF3-6A9F-4965-A4AA-4C3FE80EB9BF}.Release|Any CPU.ActiveCfg = Release|x86
		{E6F41DF3-6A9F-4965-A4AA-4C3FE80EB9BF}.Release|ARM.ActiveCfg = Release|ARM
		{E6F41DF3-6A9F-4965-A4AA-4C3FE80EB9BF}.Release|ARM.Build.0 = Release|ARM
		{E6F41DF3-6A9F-4965-A4AA-4C3FE80EB9BF}.Release|ARM.Deploy.0 = Release|ARM
		{E6F41DF3-6A9F-4965-A4AA-4C3FE80EB9BF}.Release|iPhone.ActiveCfg = Release|x86
		{E6F41DF3-6A9F-4965-A4AA-4C3FE80EB9BF}.Release|iPhoneSimulator.ActiveCfg = Release|x86
		{E6F41DF3-6A9F-4965-A4AA-4C3FE80EB9BF}.Release|x64.ActiveCfg = Release|x64
		{E6F41DF3-6A9F-4965-A4AA-4C3FE80EB9BF}.Release|x64.Build.0 = Release|x64
		{E6F41DF3-6A9F-4965-A4AA-4C3FE80EB9BF}.Release|x64.Deploy.0 = Release|x64
		{E6F41DF3-6A9F-4965-A4AA-4C3FE80EB9BF}.Release|x86.ActiveCfg = Release|x86
		{E6F41DF3-6A9F-4965-A4AA-4C3FE80EB9BF}.Release|x86.Build.0 = Release|x86
		{E6F41DF3-6A9F-4965-A4AA-4C3FE80EB9BF}.Release|x86.Deploy.0 = Release|x86
		{C358906F-D53D-42FB-B5D5-DC8D7814551B}.Ad-Hoc|Any CPU.ActiveCfg = Debug|Any CPU
		{C358906F-D53D-42FB-B5D5-DC8D7814551B}.Ad-Hoc|Any CPU.Build.0 = Debug|Any CPU
		{C358906F-D53D-42FB-B5D5-DC8D7814551B}.Ad-Hoc|ARM.ActiveCfg = Debug|Any CPU
		{C358906F-D53D-42FB-B5D5-DC8D7814551B}.Ad-Hoc|ARM.Build.0 = Debug|Any CPU
		{C358906F-D53D-42FB-B5D5-DC8D7814551B}.Ad-Hoc|iPhone.ActiveCfg = Debug|Any CPU
		{C358906F-D53D-42FB-B5D5-DC8D7814551B}.Ad-Hoc|iPhone.Build.0 = Debug|Any CPU
		{C358906F-D53D-42FB-B5D5-DC8D7814551B}.Ad-Hoc|iPhoneSimulator.ActiveCfg = Debug|Any CPU
		{C358906F-D53D-42FB-B5D5-DC8D7814551B}.Ad-Hoc|iPhoneSimulator.Build.0 = Debug|Any CPU
		{C358906F-D53D-42FB-B5D5-DC8D7814551B}.Ad-Hoc|x64.ActiveCfg = Debug|Any CPU
		{C358906F-D53D-42FB-B5D5-DC8D7814551B}.Ad-Hoc|x64.Build.0 = Debug|Any CPU
		{C358906F-D53D-42FB-B5D5-DC8D7814551B}.Ad-Hoc|x86.ActiveCfg = Debug|Any CPU
		{C358906F-D53D-42FB-B5D5-DC8D7814551B}.Ad-Hoc|x86.Build.0 = Debug|Any CPU
		{C358906F-D53D-42FB-B5D5-DC8D7814551B}.AppStore|Any CPU.ActiveCfg = Debug|Any CPU
		{C358906F-D53D-42FB-B5D5-DC8D7814551B}.AppStore|Any CPU.Build.0 = Debug|Any CPU
		{C358906F-D53D-42FB-B5D5-DC8D7814551B}.AppStore|ARM.ActiveCfg = Debug|Any CPU
		{C358906F-D53D-42FB-B5D5-DC8D7814551B}.AppStore|ARM.Build.0 = Debug|Any CPU
		{C358906F-D53D-42FB-B5D5-DC8D7814551B}.AppStore|iPhone.ActiveCfg = Debug|Any CPU
		{C358906F-D53D-42FB-B5D5-DC8D7814551B}.AppStore|iPhone.Build.0 = Debug|Any CPU
		{C358906F-D53D-42FB-B5D5-DC8D7814551B}.AppStore|iPhoneSimulator.ActiveCfg = Debug|Any CPU
		{C358906F-D53D-42FB-B5D5-DC8D7814551B}.AppStore|iPhoneSimulator.Build.0 = Debug|Any CPU
		{C358906F-D53D-42FB-B5D5-DC8D7814551B}.AppStore|x64.ActiveCfg = Debug|Any CPU
		{C358906F-D53D-42FB-B5D5-DC8D7814551B}.AppStore|x64.Build.0 = Debug|Any CPU
		{C358906F-D53D-42FB-B5D5-DC8D7814551B}.AppStore|x86.ActiveCfg = Debug|Any CPU
		{C358906F-D53D-42FB-B5D5-DC8D7814551B}.AppStore|x86.Build.0 = Debug|Any CPU
		{C358906F-D53D-42FB-B5D5-DC8D7814551B}.Debug|Any CPU.ActiveCfg = Debug|Any CPU
		{C358906F-D53D-42FB-B5D5-DC8D7814551B}.Debug|Any CPU.Build.0 = Debug|Any CPU
		{C358906F-D53D-42FB-B5D5-DC8D7814551B}.Debug|ARM.ActiveCfg = Debug|Any CPU
		{C358906F-D53D-42FB-B5D5-DC8D7814551B}.Debug|ARM.Build.0 = Debug|Any CPU
		{C358906F-D53D-42FB-B5D5-DC8D7814551B}.Debug|iPhone.ActiveCfg = Debug|Any CPU
		{C358906F-D53D-42FB-B5D5-DC8D7814551B}.Debug|iPhone.Build.0 = Debug|Any CPU
		{C358906F-D53D-42FB-B5D5-DC8D7814551B}.Debug|iPhoneSimulator.ActiveCfg = Debug|Any CPU
		{C358906F-D53D-42FB-B5D5-DC8D7814551B}.Debug|iPhoneSimulator.Build.0 = Debug|Any CPU
		{C358906F-D53D-42FB-B5D5-DC8D7814551B}.Debug|x64.ActiveCfg = Debug|Any CPU
		{C358906F-D53D-42FB-B5D5-DC8D7814551B}.Debug|x64.Build.0 = Debug|Any CPU
		{C358906F-D53D-42FB-B5D5-DC8D7814551B}.Debug|x86.ActiveCfg = Debug|Any CPU
		{C358906F-D53D-42FB-B5D5-DC8D7814551B}.Debug|x86.Build.0 = Debug|Any CPU
		{C358906F-D53D-42FB-B5D5-DC8D7814551B}.Release|Any CPU.ActiveCfg = Release|Any CPU
		{C358906F-D53D-42FB-B5D5-DC8D7814551B}.Release|Any CPU.Build.0 = Release|Any CPU
		{C358906F-D53D-42FB-B5D5-DC8D7814551B}.Release|ARM.ActiveCfg = Release|Any CPU
		{C358906F-D53D-42FB-B5D5-DC8D7814551B}.Release|ARM.Build.0 = Release|Any CPU
		{C358906F-D53D-42FB-B5D5-DC8D7814551B}.Release|iPhone.ActiveCfg = Release|Any CPU
		{C358906F-D53D-42FB-B5D5-DC8D7814551B}.Release|iPhone.Build.0 = Release|Any CPU
		{C358906F-D53D-42FB-B5D5-DC8D7814551B}.Release|iPhoneSimulator.ActiveCfg = Release|Any CPU
		{C358906F-D53D-42FB-B5D5-DC8D7814551B}.Release|iPhoneSimulator.Build.0 = Release|Any CPU
		{C358906F-D53D-42FB-B5D5-DC8D7814551B}.Release|x64.ActiveCfg = Release|Any CPU
		{C358906F-D53D-42FB-B5D5-DC8D7814551B}.Release|x64.Build.0 = Release|Any CPU
		{C358906F-D53D-42FB-B5D5-DC8D7814551B}.Release|x86.ActiveCfg = Release|Any CPU
		{C358906F-D53D-42FB-B5D5-DC8D7814551B}.Release|x86.Build.0 = Release|Any CPU
	EndGlobalSection
	GlobalSection(SolutionProperties) = preSolution
		HideSolutionNode = FALSE
	EndGlobalSection
	GlobalSection(ExtensibilityGlobals) = postSolution
		SolutionGuid = {054D6BD3-6A3D-4EE8-8D0E-E2F5F502B764}
	EndGlobalSection
EndGlobal
